{
  "name": "Practica_sistemascontrol",
  "lockfileVersion": 2,
  "requires": true,
  "packages": {
    "": {
      "dependencies": {
        "html5-boilerplate": "^8.0.0"
      }
    },
    "node_modules/html5-boilerplate": {
      "version": "8.0.0",
      "resolved": "https://registry.npmjs.org/html5-boilerplate/-/html5-boilerplate-8.0.0.tgz",
      "integrity": "sha512-Z4P0XB9R9idkVcmPjiiNPlQwiuy7j87oN58vemqIhk2YpGGmN3gc8WSxQRlGg/n1Mep7saQ5c2ROfAdfWf+ZJQ==",
      "engines": {
        "node": ">=10",
        "npm": ">=3"
      }
    }
  },
  "dependencies": {
    "html5-boilerplate": {
      "version": "8.0.0",
      "resolved": "https://registry.npmjs.org/html5-boilerplate/-/html5-boilerplate-8.0.0.tgz",
      "integrity": "sha512-Z4P0XB9R9idkVcmPjiiNPlQwiuy7j87oN58vemqIhk2YpGGmN3gc8WSxQRlGg/n1Mep7saQ5c2ROfAdfWf+ZJQ=="
    }
  }
}
